
Microsoft Visual Studio Solution File, Format Version 12.00
# Visual Studio 14
VisualStudioVersion = 14.0.25420.1
MinimumVisualStudioVersion = 10.0.40219.1
Project("{FAE04EC0-301F-11D3-BF4B-00C04F79EFBC}") = "JeroldHaas.MvcUtilities", "JeroldHaas.MvcUtilities\JeroldHaas.MvcUtilities.csproj", "{617086B3-8288-44E6-ADED-A1DCD75A07C9}"
EndProject
Project("{F2A71F9B-5D33-465A-A702-920D77279786}") = "JeroldHaas.MvcUtilities.Test", "JeroldHaas.MvcUtilities.Test\JeroldHaas.MvcUtilities.Test.fsproj", "{257E03E7-F6CC-4448-9DD6-C0D53F4781F1}"
EndProject
Global
	GlobalSection(SolutionConfigurationPlatforms) = preSolution
		Debug|Any CPU = Debug|Any CPU
		Release|Any CPU = Release|Any CPU
	EndGlobalSection
	GlobalSection(ProjectConfigurationPlatforms) = postSolution
		{617086B3-8288-44E6-ADED-A1DCD75A07C9}.Debug|Any CPU.ActiveCfg = Debug|Any CPU
		{617086B3-8288-44E6-ADED-A1DCD75A07C9}.Debug|Any CPU.Build.0 = Debug|Any CPU
		{617086B3-8288-44E6-ADED-A1DCD75A07C9}.Release|Any CPU.ActiveCfg = Release|Any CPU
		{617086B3-8288-44E6-ADED-A1DCD75A07C9}.Release|Any CPU.Build.0 = Release|Any CPU
		{257E03E7-F6CC-4448-9DD6-C0D53F4781F1}.Debug|Any CPU.ActiveCfg = Debug|Any CPU
		{257E03E7-F6CC-4448-9DD6-C0D53F4781F1}.Debug|Any CPU.Build.0 = Debug|Any CPU
		{257E03E7-F6CC-4448-9DD6-C0D53F4781F1}.Release|Any CPU.ActiveCfg = Release|Any CPU
		{257E03E7-F6CC-4448-9DD6-C0D53F4781F1}.Release|Any CPU.Build.0 = Release|Any CPU
	EndGlobalSection
	GlobalSection(SolutionProperties) = preSolution
		HideSolutionNode = FALSE
	EndGlobalSection
EndGlobal
